
Microsoft Visual Studio Solution File, Format Version 12.00
# Visual Studio Version 17
VisualStudioVersion = 17.8.34316.72
MinimumVisualStudioVersion = 10.0.40219.1
Project("{FAE04EC0-301F-11D3-BF4B-00C04F79EFBC}") = "Smarthome", "Smarthome\Smarthome.csproj", "{CE253DCE-F0C8-48AF-8EC3-0FC0F36BFA01}"
EndProject
Global
	GlobalSection(SolutionConfigurationPlatforms) = preSolution
		Debug|Any CPU = Debug|Any CPU
		Release|Any CPU = Release|Any CPU
	EndGlobalSection
	GlobalSection(ProjectConfigurationPlatforms) = postSolution
		{CE253DCE-F0C8-48AF-8EC3-0FC0F36BFA01}.Debug|Any CPU.ActiveCfg = Debug|Any CPU
		{CE253DCE-F0C8-48AF-8EC3-0FC0F36BFA01}.Debug|Any CPU.Build.0 = Debug|Any CPU
		{CE253DCE-F0C8-48AF-8EC3-0FC0F36BFA01}.Release|Any CPU.ActiveCfg = Release|Any CPU
		{CE253DCE-F0C8-48AF-8EC3-0FC0F36BFA01}.Release|Any CPU.Build.0 = Release|Any CPU
	EndGlobalSection
	GlobalSection(SolutionProperties) = preSolution
		HideSolutionNode = FALSE
	EndGlobalSection
	GlobalSection(ExtensibilityGlobals) = postSolution
		SolutionGuid = {B0103EB9-A4D8-4585-8A3E-64F36DD00A94}
	EndGlobalSection
EndGlobal
